
Microsoft Visual Studio Solution File, Format Version 12.00
# Visual Studio Version 17
VisualStudioVersion = 17.0.31903.59
MinimumVisualStudioVersion = 10.0.40219.1
Project("{FAE04EC0-301F-11D3-BF4B-00C04F79EFBC}") = "Rhythm.Core", "core\Rhythm.Core.csproj", "{7EA76086-6DA3-4A79-AECD-1EFA2B857735}"
EndProject
Project("{FAE04EC0-301F-11D3-BF4B-00C04F79EFBC}") = "Rhythm.Game", "godot\Rhythm.Game.csproj", "{EE54976B-FED3-4BF0-8C4A-A63C5A73C38A}"
EndProject
Project("{FAE04EC0-301F-11D3-BF4B-00C04F79EFBC}") = "Rhythm.Tools", "tools\Rhythm.Tools.csproj", "{46149D07-DC07-4EB0-A115-41847AA64C75}"
EndProject
Project("{FAE04EC0-301F-11D3-BF4B-00C04F79EFBC}") = "Rhythm.Architecture.Tests", "tests\Rhythm.Architecture.Tests.csproj", "{90945F08-2234-41C7-851D-33632235E3E9}"
EndProject
Global
	GlobalSection(SolutionConfigurationPlatforms) = preSolution
		Debug|Any CPU = Debug|Any CPU
		Release|Any CPU = Release|Any CPU
	EndGlobalSection
	GlobalSection(SolutionProperties) = preSolution
		HideSolutionNode = FALSE
	EndGlobalSection
	GlobalSection(ProjectConfigurationPlatforms) = postSolution
		{7EA76086-6DA3-4A79-AECD-1EFA2B857735}.Debug|Any CPU.ActiveCfg = Debug|Any CPU
		{7EA76086-6DA3-4A79-AECD-1EFA2B857735}.Debug|Any CPU.Build.0 = Debug|Any CPU
		{7EA76086-6DA3-4A79-AECD-1EFA2B857735}.Release|Any CPU.ActiveCfg = Release|Any CPU
		{7EA76086-6DA3-4A79-AECD-1EFA2B857735}.Release|Any CPU.Build.0 = Release|Any CPU
		{EE54976B-FED3-4BF0-8C4A-A63C5A73C38A}.Debug|Any CPU.ActiveCfg = Debug|Any CPU
		{EE54976B-FED3-4BF0-8C4A-A63C5A73C38A}.Debug|Any CPU.Build.0 = Debug|Any CPU
		{EE54976B-FED3-4BF0-8C4A-A63C5A73C38A}.Release|Any CPU.ActiveCfg = Debug|Any CPU
		{EE54976B-FED3-4BF0-8C4A-A63C5A73C38A}.Release|Any CPU.Build.0 = Debug|Any CPU
		{46149D07-DC07-4EB0-A115-41847AA64C75}.Debug|Any CPU.ActiveCfg = Debug|Any CPU
		{46149D07-DC07-4EB0-A115-41847AA64C75}.Debug|Any CPU.Build.0 = Debug|Any CPU
		{46149D07-DC07-4EB0-A115-41847AA64C75}.Release|Any CPU.ActiveCfg = Release|Any CPU
		{46149D07-DC07-4EB0-A115-41847AA64C75}.Release|Any CPU.Build.0 = Release|Any CPU
		{90945F08-2234-41C7-851D-33632235E3E9}.Debug|Any CPU.ActiveCfg = Debug|Any CPU
		{90945F08-2234-41C7-851D-33632235E3E9}.Debug|Any CPU.Build.0 = Debug|Any CPU
		{90945F08-2234-41C7-851D-33632235E3E9}.Release|Any CPU.ActiveCfg = Release|Any CPU
		{90945F08-2234-41C7-851D-33632235E3E9}.Release|Any CPU.Build.0 = Release|Any CPU
	EndGlobalSection
EndGlobal
